<Solution>
  <Project Path="SmartDelivery.API/SmartDelivery.API.csproj" Id="b5610f36-17b7-4692-906b-85416a3faac9" />
  <Project Path="SmartDelivery.Application/SmartDelivery.Application.csproj" />
  <Project Path="SmartDelivery.Domain/SmartDelivery.Domain.csproj" />
  <Project Path="SmartDelivery.Infrastructure/SmartDelivery.Infrastructure.csproj" />
</Solution>
